
Microsoft Visual Studio Solution File, Format Version 12.00
# Visual Studio Version 16
VisualStudioVersion = 16.0.30907.101
MinimumVisualStudioVersion = 10.0.40219.1
Project("{FAE04EC0-301F-11D3-BF4B-00C04F79EFBC}") = "CourseWorkSort", "CourseWorkSort.csproj", "{3E5C4DE6-6313-4764-AE1B-E062494E095B}"
EndProject
Global
	GlobalSection(SolutionConfigurationPlatforms) = preSolution
		Debug|Any CPU = Debug|Any CPU
		Release|Any CPU = Release|Any CPU
	EndGlobalSection
	GlobalSection(ProjectConfigurationPlatforms) = postSolution
		{3E5C4DE6-6313-4764-AE1B-E062494E095B}.Debug|Any CPU.ActiveCfg = Debug|Any CPU
		{3E5C4DE6-6313-4764-AE1B-E062494E095B}.Debug|Any CPU.Build.0 = Debug|Any CPU
		{3E5C4DE6-6313-4764-AE1B-E062494E095B}.Release|Any CPU.ActiveCfg = Release|Any CPU
		{3E5C4DE6-6313-4764-AE1B-E062494E095B}.Release|Any CPU.Build.0 = Release|Any CPU
	EndGlobalSection
	GlobalSection(SolutionProperties) = preSolution
		HideSolutionNode = FALSE
	EndGlobalSection
	GlobalSection(ExtensibilityGlobals) = postSolution
		SolutionGuid = {D8C4F943-15D9-43FD-8151-17C80DEB2464}
	EndGlobalSection
EndGlobal
